<?xml version="1.0" encoding="UTF-8"?>
<!DOCTYPE plist PUBLIC "-//Apple//DTD PLIST 1.0//EN" "http://www.apple.com/DTDs/PropertyList-1.0.dtd">
<plist version="1.0">
<dict>
	<key>archiveVersion</key>
	<string>1</string>
	<key>classes</key>
	<dict/>
	<key>objectVersion</key>
	<string>46</string>
	<key>objects</key>
	<dict>
		<key>C3ADC732193DC3E400BAD2E7</key>
		<dict>
			<key>fileEncoding</key>
			<string>4</string>
			<key>isa</key>
			<string>PBXFileReference</string>
			<key>lastKnownFileType</key>
			<string>sourcecode.c.h</string>
			<key>path</key>
			<string>person.h</string>
			<key>sourceTree</key>
			<string>&lt;group&gt;</string>
		</dict>
		<key>C3ADC733193DC3E400BAD2E7</key>
		<dict>
			<key>fileEncoding</key>
			<string>4</string>
			<key>isa</key>
			<string>PBXFileReference</string>
			<key>lastKnownFileType</key>
			<string>sourcecode.c.objc</string>
			<key>path</key>
			<string>person.m</string>
			<key>sourceTree</key>
			<string>&lt;group&gt;</string>
		</dict>
		<key>C3ADC734193DC3E400BAD2E7</key>
		<dict>
			<key>fileRef</key>
			<string>C3ADC733193DC3E400BAD2E7</string>
			<key>isa</key>
			<string>PBXBuildFile</string>
		</dict>
		<key>C3ADC735193DC47A00BAD2E7</key>
		<dict>
			<key>children</key>
			<array>
				<string>C3F16DEC193CD212009AF8D0</string>
				<string>C3F16DED193CD212009AF8D0</string>
				<string>C3ADC732193DC3E400BAD2E7</string>
				<string>C3ADC733193DC3E400BAD2E7</string>
				<string>C3ADC736193DE8EF00BAD2E7</string>
				<string>C3ADC737193DE8EF00BAD2E7</string>
			</array>
			<key>isa</key>
			<string>PBXGroup</string>
			<key>name</key>
			<string>Model</string>
			<key>path</key>
			<string>Model</string>
			<key>sourceTree</key>
			<string>&lt;group&gt;</string>
		</dict>
		<key>C3ADC736193DE8EF00BAD2E7</key>
		<dict>
			<key>fileEncoding</key>
			<string>4</string>
			<key>isa</key>
			<string>PBXFileReference</string>
			<key>lastKnownFileType</key>
			<string>sourcecode.c.h</string>
			<key>path</key>
			<string>EuroConverter.h</string>
			<key>sourceTree</key>
			<string>&lt;group&gt;</string>
		</dict>
		<key>C3ADC737193DE8EF00BAD2E7</key>
		<dict>
			<key>fileEncoding</key>
			<string>4</string>
			<key>isa</key>
			<string>PBXFileReference</string>
			<key>lastKnownFileType</key>
			<string>sourcecode.c.objc</string>
			<key>path</key>
			<string>EuroConverter.m</string>
			<key>sourceTree</key>
			<string>&lt;group&gt;</string>
		</dict>
		<key>C3ADC738193DE8EF00BAD2E7</key>
		<dict>
			<key>fileRef</key>
			<string>C3ADC737193DE8EF00BAD2E7</string>
			<key>isa</key>
			<string>PBXBuildFile</string>
		</dict>
		<key>C3ADC73B193E08C200BAD2E7</key>
		<dict>
			<key>children</key>
			<array>
				<string>C3ADC748193E2B7E00BAD2E7</string>
				<string>C3ADC750193E47E600BAD2E7</string>
			</array>
			<key>isa</key>
			<string>PBXGroup</string>
			<key>name</key>
			<string>View</string>
			<key>path</key>
			<string>View</string>
			<key>sourceTree</key>
			<string>&lt;group&gt;</string>
		</dict>
		<key>C3ADC73C193E0ADA00BAD2E7</key>
		<dict>
			<key>children</key>
			<array>
				<string>C3ADC73D193E0B8C00BAD2E7</string>
				<string>C3ADC73E193E0B8C00BAD2E7</string>
				<string>C3ADC740193E0CDF00BAD2E7</string>
				<string>C3ADC741193E0CDF00BAD2E7</string>
				<string>C3ADC743193E268200BAD2E7</string>
				<string>C3ADC744193E268200BAD2E7</string>
			</array>
			<key>isa</key>
			<string>PBXGroup</string>
			<key>name</key>
			<string>Controller</string>
			<key>path</key>
			<string>Controller</string>
			<key>sourceTree</key>
			<string>&lt;group&gt;</string>
		</dict>
		<key>C3ADC73D193E0B8C00BAD2E7</key>
		<dict>
			<key>fileEncoding</key>
			<string>4</string>
			<key>isa</key>
			<string>PBXFileReference</string>
			<key>lastKnownFileType</key>
			<string>sourcecode.c.h</string>
			<key>path</key>
			<string>EurocalculatorViewController.h</string>
			<key>sourceTree</key>
			<string>&lt;group&gt;</string>
		</dict>
		<key>C3ADC73E193E0B8C00BAD2E7</key>
		<dict>
			<key>fileEncoding</key>
			<string>4</string>
			<key>isa</key>
			<string>PBXFileReference</string>
			<key>lastKnownFileType</key>
			<string>sourcecode.c.objc</string>
			<key>path</key>
			<string>EurocalculatorViewController.m</string>
			<key>sourceTree</key>
			<string>&lt;group&gt;</string>
		</dict>
		<key>C3ADC73F193E0B8C00BAD2E7</key>
		<dict>
			<key>fileRef</key>
			<string>C3ADC73E193E0B8C00BAD2E7</string>
			<key>isa</key>
			<string>PBXBuildFile</string>
		</dict>
		<key>C3ADC740193E0CDF00BAD2E7</key>
		<dict>
			<key>fileEncoding</key>
			<string>4</string>
			<key>isa</key>
			<string>PBXFileReference</string>
			<key>lastKnownFileType</key>
			<string>sourcecode.c.h</string>
			<key>path</key>
			<string>EuroConverterViewController.h</string>
			<key>sourceTree</key>
			<string>&lt;group&gt;</string>
		</dict>
		<key>C3ADC741193E0CDF00BAD2E7</key>
		<dict>
			<key>fileEncoding</key>
			<string>4</string>
			<key>isa</key>
			<string>PBXFileReference</string>
			<key>lastKnownFileType</key>
			<string>sourcecode.c.objc</string>
			<key>path</key>
			<string>EuroConverterViewController.m</string>
			<key>sourceTree</key>
			<string>&lt;group&gt;</string>
		</dict>
		<key>C3ADC742193E0CDF00BAD2E7</key>
		<dict>
			<key>fileRef</key>
			<string>C3ADC741193E0CDF00BAD2E7</string>
			<key>isa</key>
			<string>PBXBuildFile</string>
		</dict>
		<key>C3ADC743193E268200BAD2E7</key>
		<dict>
			<key>fileEncoding</key>
			<string>4</string>
			<key>isa</key>
			<string>PBXFileReference</string>
			<key>lastKnownFileType</key>
			<string>sourcecode.c.h</string>
			<key>path</key>
			<string>AlphaViewController.h</string>
			<key>sourceTree</key>
			<string>&lt;group&gt;</string>
		</dict>
		<key>C3ADC744193E268200BAD2E7</key>
		<dict>
			<key>fileEncoding</key>
			<string>4</string>
			<key>isa</key>
			<string>PBXFileReference</string>
			<key>lastKnownFileType</key>
			<string>sourcecode.c.objc</string>
			<key>path</key>
			<string>AlphaViewController.m</string>
			<key>sourceTree</key>
			<string>&lt;group&gt;</string>
		</dict>
		<key>C3ADC745193E268200BAD2E7</key>
		<dict>
			<key>fileRef</key>
			<string>C3ADC744193E268200BAD2E7</string>
			<key>isa</key>
			<string>PBXBuildFile</string>
		</dict>
		<key>C3ADC748193E2B7E00BAD2E7</key>
		<dict>
			<key>fileEncoding</key>
			<string>4</string>
			<key>isa</key>
			<string>PBXFileReference</string>
			<key>lastKnownFileType</key>
			<string>file.storyboard</string>
			<key>path</key>
			<string>Storyboard.storyboard</string>
			<key>sourceTree</key>
			<string>&lt;group&gt;</string>
		</dict>
		<key>C3ADC749193E2B7E00BAD2E7</key>
		<dict>
			<key>fileRef</key>
			<string>C3ADC748193E2B7E00BAD2E7</string>
			<key>isa</key>
			<string>PBXBuildFile</string>
		</dict>
		<key>C3ADC74C193E428500BAD2E7</key>
		<dict>
			<key>isa</key>
			<string>PBXFileReference</string>
			<key>lastKnownFileType</key>
			<string>image.jpeg</string>
			<key>path</key>
			<string>apple-logo.jpg</string>
			<key>sourceTree</key>
			<string>&lt;group&gt;</string>
		</dict>
		<key>C3ADC74D193E428500BAD2E7</key>
		<dict>
			<key>fileRef</key>
			<string>C3ADC74C193E428500BAD2E7</string>
			<key>isa</key>
			<string>PBXBuildFile</string>
		</dict>
		<key>C3ADC74E193E429000BAD2E7</key>
		<dict>
			<key>isa</key>
			<string>PBXFileReference</string>
			<key>lastKnownFileType</key>
			<string>image.jpeg</string>
			<key>path</key>
			<string>tux.jpg</string>
			<key>sourceTree</key>
			<string>&lt;group&gt;</string>
		</dict>
		<key>C3ADC74F193E429000BAD2E7</key>
		<dict>
			<key>fileRef</key>
			<string>C3ADC74E193E429000BAD2E7</string>
			<key>isa</key>
			<string>PBXBuildFile</string>
		</dict>
		<key>C3ADC750193E47E600BAD2E7</key>
		<dict>
			<key>fileEncoding</key>
			<string>4</string>
			<key>isa</key>
			<string>PBXFileReference</string>
			<key>lastKnownFileType</key>
			<string>file.storyboard</string>
			<key>path</key>
			<string>Storyboard2.storyboard</string>
			<key>sourceTree</key>
			<string>&lt;group&gt;</string>
		</dict>
		<key>C3ADC751193E47E600BAD2E7</key>
		<dict>
			<key>fileRef</key>
			<string>C3ADC750193E47E600BAD2E7</string>
			<key>isa</key>
			<string>PBXBuildFile</string>
		</dict>
		<key>C3F16DB1193CD007009AF8D0</key>
		<dict>
			<key>children</key>
			<array>
				<string>C3F16DC3193CD007009AF8D0</string>
				<string>C3F16DDC193CD007009AF8D0</string>
				<string>C3F16DBC193CD007009AF8D0</string>
				<string>C3F16DBB193CD007009AF8D0</string>
			</array>
			<key>isa</key>
			<string>PBXGroup</string>
			<key>sourceTree</key>
			<string>&lt;group&gt;</string>
		</dict>
		<key>C3F16DB2193CD007009AF8D0</key>
		<dict>
			<key>attributes</key>
			<dict>
				<key>CLASSPREFIX</key>
				<string>acm</string>
				<key>LastUpgradeCheck</key>
				<string>0510</string>
				<key>ORGANIZATIONNAME</key>
				<string>acm</string>
				<key>TargetAttributes</key>
				<dict>
					<key>C3F16DD4193CD007009AF8D0</key>
					<dict>
						<key>TestTargetID</key>
						<string>C3F16DB9193CD007009AF8D0</string>
					</dict>
				</dict>
			</dict>
			<key>buildConfigurationList</key>
			<string>C3F16DB5193CD007009AF8D0</string>
			<key>compatibilityVersion</key>
			<string>Xcode 3.2</string>
			<key>developmentRegion</key>
			<string>English</string>
			<key>hasScannedForEncodings</key>
			<string>0</string>
			<key>isa</key>
			<string>PBXProject</string>
			<key>knownRegions</key>
			<array>
				<string>en</string>
			</array>
			<key>mainGroup</key>
			<string>C3F16DB1193CD007009AF8D0</string>
			<key>productRefGroup</key>
			<string>C3F16DBB193CD007009AF8D0</string>
			<key>projectDirPath</key>
			<string></string>
			<key>projectReferences</key>
			<array/>
			<key>projectRoot</key>
			<string></string>
			<key>targets</key>
			<array>
				<string>C3F16DB9193CD007009AF8D0</string>
				<string>C3F16DD4193CD007009AF8D0</string>
			</array>
		</dict>
		<key>C3F16DB5193CD007009AF8D0</key>
		<dict>
			<key>buildConfigurations</key>
			<array>
				<string>C3F16DE4193CD007009AF8D0</string>
				<string>C3F16DE5193CD007009AF8D0</string>
			</array>
			<key>defaultConfigurationIsVisible</key>
			<string>0</string>
			<key>defaultConfigurationName</key>
			<string>Release</string>
			<key>isa</key>
			<string>XCConfigurationList</string>
		</dict>
		<key>C3F16DB6193CD007009AF8D0</key>
		<dict>
			<key>buildActionMask</key>
			<string>2147483647</string>
			<key>files</key>
			<array>
				<string>C3F16DEE193CD212009AF8D0</string>
				<string>C3ADC73F193E0B8C00BAD2E7</string>
				<string>C3ADC742193E0CDF00BAD2E7</string>
				<string>C3F16DCE193CD007009AF8D0</string>
				<string>C3ADC734193DC3E400BAD2E7</string>
				<string>C3ADC745193E268200BAD2E7</string>
				<string>C3ADC738193DE8EF00BAD2E7</string>
				<string>C3F16DCA193CD007009AF8D0</string>
			</array>
			<key>isa</key>
			<string>PBXSourcesBuildPhase</string>
			<key>runOnlyForDeploymentPostprocessing</key>
			<string>0</string>
		</dict>
		<key>C3F16DB7193CD007009AF8D0</key>
		<dict>
			<key>buildActionMask</key>
			<string>2147483647</string>
			<key>files</key>
			<array>
				<string>C3F16DC0193CD007009AF8D0</string>
				<string>C3F16DC2193CD007009AF8D0</string>
				<string>C3F16DBE193CD007009AF8D0</string>
			</array>
			<key>isa</key>
			<string>PBXFrameworksBuildPhase</string>
			<key>runOnlyForDeploymentPostprocessing</key>
			<string>0</string>
		</dict>
		<key>C3F16DB8193CD007009AF8D0</key>
		<dict>
			<key>buildActionMask</key>
			<string>2147483647</string>
			<key>files</key>
			<array>
				<string>C3F16DC8193CD007009AF8D0</string>
				<string>C3ADC74D193E428500BAD2E7</string>
				<string>C3ADC749193E2B7E00BAD2E7</string>
				<string>C3ADC74F193E429000BAD2E7</string>
				<string>C3ADC751193E47E600BAD2E7</string>
				<string>C3F16DD0193CD007009AF8D0</string>
			</array>
			<key>isa</key>
			<string>PBXResourcesBuildPhase</string>
			<key>runOnlyForDeploymentPostprocessing</key>
			<string>0</string>
		</dict>
		<key>C3F16DB9193CD007009AF8D0</key>
		<dict>
			<key>buildConfigurationList</key>
			<string>C3F16DE6193CD007009AF8D0</string>
			<key>buildPhases</key>
			<array>
				<string>C3F16DB6193CD007009AF8D0</string>
				<string>C3F16DB7193CD007009AF8D0</string>
				<string>C3F16DB8193CD007009AF8D0</string>
			</array>
			<key>buildRules</key>
			<array/>
			<key>dependencies</key>
			<array/>
			<key>isa</key>
			<string>PBXNativeTarget</string>
			<key>name</key>
			<string>Beers</string>
			<key>productName</key>
			<string>Beers</string>
			<key>productReference</key>
			<string>C3F16DBA193CD007009AF8D0</string>
			<key>productType</key>
			<string>com.apple.product-type.application</string>
		</dict>
		<key>C3F16DBA193CD007009AF8D0</key>
		<dict>
			<key>explicitFileType</key>
			<string>wrapper.application</string>
			<key>includeInIndex</key>
			<string>0</string>
			<key>isa</key>
			<string>PBXFileReference</string>
			<key>path</key>
			<string>Beers.app</string>
			<key>sourceTree</key>
			<string>BUILT_PRODUCTS_DIR</string>
		</dict>
		<key>C3F16DBB193CD007009AF8D0</key>
		<dict>
			<key>children</key>
			<array>
				<string>C3F16DBA193CD007009AF8D0</string>
				<string>C3F16DD5193CD007009AF8D0</string>
			</array>
			<key>isa</key>
			<string>PBXGroup</string>
			<key>name</key>
			<string>Products</string>
			<key>sourceTree</key>
			<string>&lt;group&gt;</string>
		</dict>
		<key>C3F16DBC193CD007009AF8D0</key>
		<dict>
			<key>children</key>
			<array>
				<string>C3F16DBD193CD007009AF8D0</string>
				<string>C3F16DBF193CD007009AF8D0</string>
				<string>C3F16DC1193CD007009AF8D0</string>
				<string>C3F16DD6193CD007009AF8D0</string>
			</array>
			<key>isa</key>
			<string>PBXGroup</string>
			<key>name</key>
			<string>Frameworks</string>
			<key>sourceTree</key>
			<string>&lt;group&gt;</string>
		</dict>
		<key>C3F16DBD193CD007009AF8D0</key>
		<dict>
			<key>isa</key>
			<string>PBXFileReference</string>
			<key>lastKnownFileType</key>
			<string>wrapper.framework</string>
			<key>name</key>
			<string>Foundation.framework</string>
			<key>path</key>
			<string>System/Library/Frameworks/Foundation.framework</string>
			<key>sourceTree</key>
			<string>SDKROOT</string>
		</dict>
		<key>C3F16DBE193CD007009AF8D0</key>
		<dict>
			<key>fileRef</key>
			<string>C3F16DBD193CD007009AF8D0</string>
			<key>isa</key>
			<string>PBXBuildFile</string>
		</dict>
		<key>C3F16DBF193CD007009AF8D0</key>
		<dict>
			<key>isa</key>
			<string>PBXFileReference</string>
			<key>lastKnownFileType</key>
			<string>wrapper.framework</string>
			<key>name</key>
			<string>CoreGraphics.framework</string>
			<key>path</key>
			<string>System/Library/Frameworks/CoreGraphics.framework</string>
			<key>sourceTree</key>
			<string>SDKROOT</string>
		</dict>
		<key>C3F16DC0193CD007009AF8D0</key>
		<dict>
			<key>fileRef</key>
			<string>C3F16DBF193CD007009AF8D0</string>
			<key>isa</key>
			<string>PBXBuildFile</string>
		</dict>
		<key>C3F16DC1193CD007009AF8D0</key>
		<dict>
			<key>isa</key>
			<string>PBXFileReference</string>
			<key>lastKnownFileType</key>
			<string>wrapper.framework</string>
			<key>name</key>
			<string>UIKit.framework</string>
			<key>path</key>
			<string>System/Library/Frameworks/UIKit.framework</string>
			<key>sourceTree</key>
			<string>SDKROOT</string>
		</dict>
		<key>C3F16DC2193CD007009AF8D0</key>
		<dict>
			<key>fileRef</key>
			<string>C3F16DC1193CD007009AF8D0</string>
			<key>isa</key>
			<string>PBXBuildFile</string>
		</dict>
		<key>C3F16DC3193CD007009AF8D0</key>
		<dict>
			<key>children</key>
			<array>
				<string>C3ADC74E193E429000BAD2E7</string>
				<string>C3ADC74C193E428500BAD2E7</string>
				<string>C3F16DCC193CD007009AF8D0</string>
				<string>C3F16DCD193CD007009AF8D0</string>
				<string>C3F16DCF193CD007009AF8D0</string>
				<string>C3F16DC4193CD007009AF8D0</string>
				<string>C3ADC735193DC47A00BAD2E7</string>
				<string>C3ADC73B193E08C200BAD2E7</string>
				<string>C3ADC73C193E0ADA00BAD2E7</string>
			</array>
			<key>isa</key>
			<string>PBXGroup</string>
			<key>path</key>
			<string>Beers</string>
			<key>sourceTree</key>
			<string>&lt;group&gt;</string>
		</dict>
		<key>C3F16DC4193CD007009AF8D0</key>
		<dict>
			<key>children</key>
			<array>
				<string>C3F16DC5193CD007009AF8D0</string>
				<string>C3F16DC6193CD007009AF8D0</string>
				<string>C3F16DC9193CD007009AF8D0</string>
				<string>C3F16DCB193CD007009AF8D0</string>
			</array>
			<key>isa</key>
			<string>PBXGroup</string>
			<key>name</key>
			<string>Supporting Files</string>
			<key>path</key>
			<string>Supporting Files</string>
			<key>sourceTree</key>
			<string>&lt;group&gt;</string>
		</dict>
		<key>C3F16DC5193CD007009AF8D0</key>
		<dict>
			<key>isa</key>
			<string>PBXFileReference</string>
			<key>lastKnownFileType</key>
			<string>text.plist.xml</string>
			<key>path</key>
			<string>Beers-Info.plist</string>
			<key>sourceTree</key>
			<string>&lt;group&gt;</string>
		</dict>
		<key>C3F16DC6193CD007009AF8D0</key>
		<dict>
			<key>children</key>
			<array>
				<string>C3F16DC7193CD007009AF8D0</string>
			</array>
			<key>isa</key>
			<string>PBXVariantGroup</string>
			<key>name</key>
			<string>InfoPlist.strings</string>
			<key>sourceTree</key>
			<string>&lt;group&gt;</string>
		</dict>
		<key>C3F16DC7193CD007009AF8D0</key>
		<dict>
			<key>isa</key>
			<string>PBXFileReference</string>
			<key>lastKnownFileType</key>
			<string>text.plist.strings</string>
			<key>name</key>
			<string>en</string>
			<key>path</key>
			<string>en.lproj/InfoPlist.strings</string>
			<key>sourceTree</key>
			<string>&lt;group&gt;</string>
		</dict>
		<key>C3F16DC8193CD007009AF8D0</key>
		<dict>
			<key>fileRef</key>
			<string>C3F16DC6193CD007009AF8D0</string>
			<key>isa</key>
			<string>PBXBuildFile</string>
		</dict>
		<key>C3F16DC9193CD007009AF8D0</key>
		<dict>
			<key>isa</key>
			<string>PBXFileReference</string>
			<key>lastKnownFileType</key>
			<string>sourcecode.c.objc</string>
			<key>path</key>
			<string>main.m</string>
			<key>sourceTree</key>
			<string>&lt;group&gt;</string>
		</dict>
		<key>C3F16DCA193CD007009AF8D0</key>
		<dict>
			<key>fileRef</key>
			<string>C3F16DC9193CD007009AF8D0</string>
			<key>isa</key>
			<string>PBXBuildFile</string>
		</dict>
		<key>C3F16DCB193CD007009AF8D0</key>
		<dict>
			<key>isa</key>
			<string>PBXFileReference</string>
			<key>lastKnownFileType</key>
			<string>sourcecode.c.h</string>
			<key>path</key>
			<string>Beers-Prefix.pch</string>
			<key>sourceTree</key>
			<string>&lt;group&gt;</string>
		</dict>
		<key>C3F16DCC193CD007009AF8D0</key>
		<dict>
			<key>isa</key>
			<string>PBXFileReference</string>
			<key>lastKnownFileType</key>
			<string>sourcecode.c.h</string>
			<key>path</key>
			<string>acmAppDelegate.h</string>
			<key>sourceTree</key>
			<string>&lt;group&gt;</string>
		</dict>
		<key>C3F16DCD193CD007009AF8D0</key>
		<dict>
			<key>isa</key>
			<string>PBXFileReference</string>
			<key>lastKnownFileType</key>
			<string>sourcecode.c.objc</string>
			<key>path</key>
			<string>acmAppDelegate.m</string>
			<key>sourceTree</key>
			<string>&lt;group&gt;</string>
		</dict>
		<key>C3F16DCE193CD007009AF8D0</key>
		<dict>
			<key>fileRef</key>
			<string>C3F16DCD193CD007009AF8D0</string>
			<key>isa</key>
			<string>PBXBuildFile</string>
		</dict>
		<key>C3F16DCF193CD007009AF8D0</key>
		<dict>
			<key>isa</key>
			<string>PBXFileReference</string>
			<key>lastKnownFileType</key>
			<string>folder.assetcatalog</string>
			<key>path</key>
			<string>Images.xcassets</string>
			<key>sourceTree</key>
			<string>&lt;group&gt;</string>
		</dict>
		<key>C3F16DD0193CD007009AF8D0</key>
		<dict>
			<key>fileRef</key>
			<string>C3F16DCF193CD007009AF8D0</string>
			<key>isa</key>
			<string>PBXBuildFile</string>
		</dict>
		<key>C3F16DD1193CD007009AF8D0</key>
		<dict>
			<key>buildActionMask</key>
			<string>2147483647</string>
			<key>files</key>
			<array>
				<string>C3F16DE3193CD007009AF8D0</string>
			</array>
			<key>isa</key>
			<string>PBXSourcesBuildPhase</string>
			<key>runOnlyForDeploymentPostprocessing</key>
			<string>0</string>
		</dict>
		<key>C3F16DD2193CD007009AF8D0</key>
		<dict>
			<key>buildActionMask</key>
			<string>2147483647</string>
			<key>files</key>
			<array>
				<string>C3F16DD7193CD007009AF8D0</string>
				<string>C3F16DD9193CD007009AF8D0</string>
				<string>C3F16DD8193CD007009AF8D0</string>
			</array>
			<key>isa</key>
			<string>PBXFrameworksBuildPhase</string>
			<key>runOnlyForDeploymentPostprocessing</key>
			<string>0</string>
		</dict>
		<key>C3F16DD3193CD007009AF8D0</key>
		<dict>
			<key>buildActionMask</key>
			<string>2147483647</string>
			<key>files</key>
			<array>
				<string>C3F16DE1193CD007009AF8D0</string>
			</array>
			<key>isa</key>
			<string>PBXResourcesBuildPhase</string>
			<key>runOnlyForDeploymentPostprocessing</key>
			<string>0</string>
		</dict>
		<key>C3F16DD4193CD007009AF8D0</key>
		<dict>
			<key>buildConfigurationList</key>
			<string>C3F16DE9193CD007009AF8D0</string>
			<key>buildPhases</key>
			<array>
				<string>C3F16DD1193CD007009AF8D0</string>
				<string>C3F16DD2193CD007009AF8D0</string>
				<string>C3F16DD3193CD007009AF8D0</string>
			</array>
			<key>buildRules</key>
			<array/>
			<key>dependencies</key>
			<array>
				<string>C3F16DDB193CD007009AF8D0</string>
			</array>
			<key>isa</key>
			<string>PBXNativeTarget</string>
			<key>name</key>
			<string>BeersTests</string>
			<key>productName</key>
			<string>BeersTests</string>
			<key>productReference</key>
			<string>C3F16DD5193CD007009AF8D0</string>
			<key>productType</key>
			<string>com.apple.product-type.bundle.unit-test</string>
		</dict>
		<key>C3F16DD5193CD007009AF8D0</key>
		<dict>
			<key>explicitFileType</key>
			<string>wrapper.cfbundle</string>
			<key>includeInIndex</key>
			<string>0</string>
			<key>isa</key>
			<string>PBXFileReference</string>
			<key>path</key>
			<string>BeersTests.xctest</string>
			<key>sourceTree</key>
			<string>BUILT_PRODUCTS_DIR</string>
		</dict>
		<key>C3F16DD6193CD007009AF8D0</key>
		<dict>
			<key>isa</key>
			<string>PBXFileReference</string>
			<key>lastKnownFileType</key>
			<string>wrapper.framework</string>
			<key>name</key>
			<string>XCTest.framework</string>
			<key>path</key>
			<string>Library/Frameworks/XCTest.framework</string>
			<key>sourceTree</key>
			<string>DEVELOPER_DIR</string>
		</dict>
		<key>C3F16DD7193CD007009AF8D0</key>
		<dict>
			<key>fileRef</key>
			<string>C3F16DD6193CD007009AF8D0</string>
			<key>isa</key>
			<string>PBXBuildFile</string>
		</dict>
		<key>C3F16DD8193CD007009AF8D0</key>
		<dict>
			<key>fileRef</key>
			<string>C3F16DBD193CD007009AF8D0</string>
			<key>isa</key>
			<string>PBXBuildFile</string>
		</dict>
		<key>C3F16DD9193CD007009AF8D0</key>
		<dict>
			<key>fileRef</key>
			<string>C3F16DC1193CD007009AF8D0</string>
			<key>isa</key>
			<string>PBXBuildFile</string>
		</dict>
		<key>C3F16DDA193CD007009AF8D0</key>
		<dict>
			<key>containerPortal</key>
			<string>C3F16DB2193CD007009AF8D0</string>
			<key>isa</key>
			<string>PBXContainerItemProxy</string>
			<key>proxyType</key>
			<string>1</string>
			<key>remoteGlobalIDString</key>
			<string>C3F16DB9193CD007009AF8D0</string>
			<key>remoteInfo</key>
			<string>Beers</string>
		</dict>
		<key>C3F16DDB193CD007009AF8D0</key>
		<dict>
			<key>isa</key>
			<string>PBXTargetDependency</string>
			<key>target</key>
			<string>C3F16DB9193CD007009AF8D0</string>
			<key>targetProxy</key>
			<string>C3F16DDA193CD007009AF8D0</string>
		</dict>
		<key>C3F16DDC193CD007009AF8D0</key>
		<dict>
			<key>children</key>
			<array>
				<string>C3F16DE2193CD007009AF8D0</string>
				<string>C3F16DDD193CD007009AF8D0</string>
			</array>
			<key>isa</key>
			<string>PBXGroup</string>
			<key>path</key>
			<string>BeersTests</string>
			<key>sourceTree</key>
			<string>&lt;group&gt;</string>
		</dict>
		<key>C3F16DDD193CD007009AF8D0</key>
		<dict>
			<key>children</key>
			<array>
				<string>C3F16DDE193CD007009AF8D0</string>
				<string>C3F16DDF193CD007009AF8D0</string>
			</array>
			<key>isa</key>
			<string>PBXGroup</string>
			<key>name</key>
			<string>Supporting Files</string>
			<key>path</key>
			<string>Supporting Files</string>
			<key>sourceTree</key>
			<string>&lt;group&gt;</string>
		</dict>
		<key>C3F16DDE193CD007009AF8D0</key>
		<dict>
			<key>isa</key>
			<string>PBXFileReference</string>
			<key>lastKnownFileType</key>
			<string>text.plist.xml</string>
			<key>path</key>
			<string>BeersTests-Info.plist</string>
			<key>sourceTree</key>
			<string>&lt;group&gt;</string>
		</dict>
		<key>C3F16DDF193CD007009AF8D0</key>
		<dict>
			<key>children</key>
			<array>
				<string>C3F16DE0193CD007009AF8D0</string>
			</array>
			<key>isa</key>
			<string>PBXVariantGroup</string>
			<key>name</key>
			<string>InfoPlist.strings</string>
			<key>sourceTree</key>
			<string>&lt;group&gt;</string>
		</dict>
		<key>C3F16DE0193CD007009AF8D0</key>
		<dict>
			<key>isa</key>
			<string>PBXFileReference</string>
			<key>lastKnownFileType</key>
			<string>text.plist.strings</string>
			<key>name</key>
			<string>en</string>
			<key>path</key>
			<string>en.lproj/InfoPlist.strings</string>
			<key>sourceTree</key>
			<string>&lt;group&gt;</string>
		</dict>
		<key>C3F16DE1193CD007009AF8D0</key>
		<dict>
			<key>fileRef</key>
			<string>C3F16DDF193CD007009AF8D0</string>
			<key>isa</key>
			<string>PBXBuildFile</string>
		</dict>
		<key>C3F16DE2193CD007009AF8D0</key>
		<dict>
			<key>isa</key>
			<string>PBXFileReference</string>
			<key>lastKnownFileType</key>
			<string>sourcecode.c.objc</string>
			<key>path</key>
			<string>BeersTests.m</string>
			<key>sourceTree</key>
			<string>&lt;group&gt;</string>
		</dict>
		<key>C3F16DE3193CD007009AF8D0</key>
		<dict>
			<key>fileRef</key>
			<string>C3F16DE2193CD007009AF8D0</string>
			<key>isa</key>
			<string>PBXBuildFile</string>
		</dict>
		<key>C3F16DE4193CD007009AF8D0</key>
		<dict>
			<key>buildSettings</key>
			<dict>
				<key>ALWAYS_SEARCH_USER_PATHS</key>
				<string>NO</string>
				<key>CLANG_CXX_LANGUAGE_STANDARD</key>
				<string>gnu++0x</string>
				<key>CLANG_CXX_LIBRARY</key>
				<string>libc++</string>
				<key>CLANG_ENABLE_MODULES</key>
				<string>YES</string>
				<key>CLANG_ENABLE_OBJC_ARC</key>
				<string>YES</string>
				<key>CLANG_WARN_BOOL_CONVERSION</key>
				<string>YES</string>
				<key>CLANG_WARN_CONSTANT_CONVERSION</key>
				<string>YES</string>
				<key>CLANG_WARN_DIRECT_OBJC_ISA_USAGE</key>
				<string>YES_ERROR</string>
				<key>CLANG_WARN_EMPTY_BODY</key>
				<string>YES</string>
				<key>CLANG_WARN_ENUM_CONVERSION</key>
				<string>YES</string>
				<key>CLANG_WARN_INT_CONVERSION</key>
				<string>YES</string>
				<key>CLANG_WARN_OBJC_ROOT_CLASS</key>
				<string>YES_ERROR</string>
				<key>CLANG_WARN__DUPLICATE_METHOD_MATCH</key>
				<string>YES</string>
				<key>CODE_SIGN_IDENTITY[sdk=iphoneos*]</key>
				<string>iPhone Developer</string>
				<key>COPY_PHASE_STRIP</key>
				<string>NO</string>
				<key>GCC_C_LANGUAGE_STANDARD</key>
				<string>gnu99</string>
				<key>GCC_DYNAMIC_NO_PIC</key>
				<string>NO</string>
				<key>GCC_OPTIMIZATION_LEVEL</key>
				<string>0</string>
				<key>GCC_PREPROCESSOR_DEFINITIONS</key>
				<array>
					<string>DEBUG=1</string>
					<string>$(inherited)</string>
				</array>
				<key>GCC_SYMBOLS_PRIVATE_EXTERN</key>
				<string>NO</string>
				<key>GCC_WARN_64_TO_32_BIT_CONVERSION</key>
				<string>YES</string>
				<key>GCC_WARN_ABOUT_RETURN_TYPE</key>
				<string>YES_ERROR</string>
				<key>GCC_WARN_UNDECLARED_SELECTOR</key>
				<string>YES</string>
				<key>GCC_WARN_UNINITIALIZED_AUTOS</key>
				<string>YES_AGGRESSIVE</string>
				<key>GCC_WARN_UNUSED_FUNCTION</key>
				<string>YES</string>
				<key>GCC_WARN_UNUSED_VARIABLE</key>
				<string>YES</string>
				<key>IPHONEOS_DEPLOYMENT_TARGET</key>
				<string>7.1</string>
				<key>ONLY_ACTIVE_ARCH</key>
				<string>YES</string>
				<key>SDKROOT</key>
				<string>iphoneos</string>
			</dict>
			<key>isa</key>
			<string>XCBuildConfiguration</string>
			<key>name</key>
			<string>Debug</string>
		</dict>
		<key>C3F16DE5193CD007009AF8D0</key>
		<dict>
			<key>buildSettings</key>
			<dict>
				<key>ALWAYS_SEARCH_USER_PATHS</key>
				<string>NO</string>
				<key>CLANG_CXX_LANGUAGE_STANDARD</key>
				<string>gnu++0x</string>
				<key>CLANG_CXX_LIBRARY</key>
				<string>libc++</string>
				<key>CLANG_ENABLE_MODULES</key>
				<string>YES</string>
				<key>CLANG_ENABLE_OBJC_ARC</key>
				<string>YES</string>
				<key>CLANG_WARN_BOOL_CONVERSION</key>
				<string>YES</string>
				<key>CLANG_WARN_CONSTANT_CONVERSION</key>
				<string>YES</string>
				<key>CLANG_WARN_DIRECT_OBJC_ISA_USAGE</key>
				<string>YES_ERROR</string>
				<key>CLANG_WARN_EMPTY_BODY</key>
				<string>YES</string>
				<key>CLANG_WARN_ENUM_CONVERSION</key>
				<string>YES</string>
				<key>CLANG_WARN_INT_CONVERSION</key>
				<string>YES</string>
				<key>CLANG_WARN_OBJC_ROOT_CLASS</key>
				<string>YES_ERROR</string>
				<key>CLANG_WARN__DUPLICATE_METHOD_MATCH</key>
				<string>YES</string>
				<key>CODE_SIGN_IDENTITY[sdk=iphoneos*]</key>
				<string>iPhone Developer</string>
				<key>COPY_PHASE_STRIP</key>
				<string>YES</string>
				<key>ENABLE_NS_ASSERTIONS</key>
				<string>NO</string>
				<key>GCC_C_LANGUAGE_STANDARD</key>
				<string>gnu99</string>
				<key>GCC_WARN_64_TO_32_BIT_CONVERSION</key>
				<string>YES</string>
				<key>GCC_WARN_ABOUT_RETURN_TYPE</key>
				<string>YES_ERROR</string>
				<key>GCC_WARN_UNDECLARED_SELECTOR</key>
				<string>YES</string>
				<key>GCC_WARN_UNINITIALIZED_AUTOS</key>
				<string>YES_AGGRESSIVE</string>
				<key>GCC_WARN_UNUSED_FUNCTION</key>
				<string>YES</string>
				<key>GCC_WARN_UNUSED_VARIABLE</key>
				<string>YES</string>
				<key>IPHONEOS_DEPLOYMENT_TARGET</key>
				<string>7.1</string>
				<key>SDKROOT</key>
				<string>iphoneos</string>
				<key>VALIDATE_PRODUCT</key>
				<string>YES</string>
			</dict>
			<key>isa</key>
			<string>XCBuildConfiguration</string>
			<key>name</key>
			<string>Release</string>
		</dict>
		<key>C3F16DE6193CD007009AF8D0</key>
		<dict>
			<key>buildConfigurations</key>
			<array>
				<string>C3F16DE7193CD007009AF8D0</string>
				<string>C3F16DE8193CD007009AF8D0</string>
			</array>
			<key>defaultConfigurationIsVisible</key>
			<string>0</string>
			<key>defaultConfigurationName</key>
			<string>Release</string>
			<key>isa</key>
			<string>XCConfigurationList</string>
		</dict>
		<key>C3F16DE7193CD007009AF8D0</key>
		<dict>
			<key>buildSettings</key>
			<dict>
				<key>ASSETCATALOG_COMPILER_APPICON_NAME</key>
				<string>AppIcon</string>
				<key>ASSETCATALOG_COMPILER_LAUNCHIMAGE_NAME</key>
				<string>LaunchImage</string>
				<key>GCC_PRECOMPILE_PREFIX_HEADER</key>
				<string>YES</string>
				<key>GCC_PREFIX_HEADER</key>
				<string>Beers/Supporting Files/Beers-Prefix.pch</string>
				<key>INFOPLIST_FILE</key>
				<string>Beers/Supporting Files/Beers-Info.plist</string>
				<key>PRODUCT_NAME</key>
				<string>$(TARGET_NAME)</string>
				<key>WRAPPER_EXTENSION</key>
				<string>app</string>
			</dict>
			<key>isa</key>
			<string>XCBuildConfiguration</string>
			<key>name</key>
			<string>Debug</string>
		</dict>
		<key>C3F16DE8193CD007009AF8D0</key>
		<dict>
			<key>buildSettings</key>
			<dict>
				<key>ASSETCATALOG_COMPILER_APPICON_NAME</key>
				<string>AppIcon</string>
				<key>ASSETCATALOG_COMPILER_LAUNCHIMAGE_NAME</key>
				<string>LaunchImage</string>
				<key>GCC_PRECOMPILE_PREFIX_HEADER</key>
				<string>YES</string>
				<key>GCC_PREFIX_HEADER</key>
				<string>Beers/Supporting Files/Beers-Prefix.pch</string>
				<key>INFOPLIST_FILE</key>
				<string>Beers/Supporting Files/Beers-Info.plist</string>
				<key>PRODUCT_NAME</key>
				<string>$(TARGET_NAME)</string>
				<key>WRAPPER_EXTENSION</key>
				<string>app</string>
			</dict>
			<key>isa</key>
			<string>XCBuildConfiguration</string>
			<key>name</key>
			<string>Release</string>
		</dict>
		<key>C3F16DE9193CD007009AF8D0</key>
		<dict>
			<key>buildConfigurations</key>
			<array>
				<string>C3F16DEA193CD007009AF8D0</string>
				<string>C3F16DEB193CD007009AF8D0</string>
			</array>
			<key>defaultConfigurationIsVisible</key>
			<string>0</string>
			<key>defaultConfigurationName</key>
			<string>Release</string>
			<key>isa</key>
			<string>XCConfigurationList</string>
		</dict>
		<key>C3F16DEA193CD007009AF8D0</key>
		<dict>
			<key>buildSettings</key>
			<dict>
				<key>BUNDLE_LOADER</key>
				<string>$(BUILT_PRODUCTS_DIR)/Beers.app/Beers</string>
				<key>FRAMEWORK_SEARCH_PATHS</key>
				<array>
					<string>$(SDKROOT)/Developer/Library/Frameworks</string>
					<string>$(inherited)</string>
					<string>$(DEVELOPER_FRAMEWORKS_DIR)</string>
				</array>
				<key>GCC_PRECOMPILE_PREFIX_HEADER</key>
				<string>YES</string>
				<key>GCC_PREFIX_HEADER</key>
				<string>Beers/Supporting Files/Beers-Prefix.pch</string>
				<key>GCC_PREPROCESSOR_DEFINITIONS</key>
				<array>
					<string>DEBUG=1</string>
					<string>$(inherited)</string>
				</array>
				<key>INFOPLIST_FILE</key>
				<string>BeersTests/Supporting Files/BeersTests-Info.plist</string>
				<key>PRODUCT_NAME</key>
				<string>$(TARGET_NAME)</string>
				<key>TEST_HOST</key>
				<string>$(BUNDLE_LOADER)</string>
				<key>WRAPPER_EXTENSION</key>
				<string>xctest</string>
			</dict>
			<key>isa</key>
			<string>XCBuildConfiguration</string>
			<key>name</key>
			<string>Debug</string>
		</dict>
		<key>C3F16DEB193CD007009AF8D0</key>
		<dict>
			<key>buildSettings</key>
			<dict>
				<key>BUNDLE_LOADER</key>
				<string>$(BUILT_PRODUCTS_DIR)/Beers.app/Beers</string>
				<key>FRAMEWORK_SEARCH_PATHS</key>
				<array>
					<string>$(SDKROOT)/Developer/Library/Frameworks</string>
					<string>$(inherited)</string>
					<string>$(DEVELOPER_FRAMEWORKS_DIR)</string>
				</array>
				<key>GCC_PRECOMPILE_PREFIX_HEADER</key>
				<string>YES</string>
				<key>GCC_PREFIX_HEADER</key>
				<string>Beers/Supporting Files/Beers-Prefix.pch</string>
				<key>INFOPLIST_FILE</key>
				<string>BeersTests/Supporting Files/BeersTests-Info.plist</string>
				<key>PRODUCT_NAME</key>
				<string>$(TARGET_NAME)</string>
				<key>TEST_HOST</key>
				<string>$(BUNDLE_LOADER)</string>
				<key>WRAPPER_EXTENSION</key>
				<string>xctest</string>
			</dict>
			<key>isa</key>
			<string>XCBuildConfiguration</string>
			<key>name</key>
			<string>Release</string>
		</dict>
		<key>C3F16DEC193CD212009AF8D0</key>
		<dict>
			<key>fileEncoding</key>
			<string>4</string>
			<key>isa</key>
			<string>PBXFileReference</string>
			<key>lastKnownFileType</key>
			<string>sourcecode.c.h</string>
			<key>path</key>
			<string>Beer.h</string>
			<key>sourceTree</key>
			<string>&lt;group&gt;</string>
		</dict>
		<key>C3F16DED193CD212009AF8D0</key>
		<dict>
			<key>fileEncoding</key>
			<string>4</string>
			<key>isa</key>
			<string>PBXFileReference</string>
			<key>lastKnownFileType</key>
			<string>sourcecode.c.objc</string>
			<key>path</key>
			<string>Beer.m</string>
			<key>sourceTree</key>
			<string>&lt;group&gt;</string>
		</dict>
		<key>C3F16DEE193CD212009AF8D0</key>
		<dict>
			<key>fileRef</key>
			<string>C3F16DED193CD212009AF8D0</string>
			<key>isa</key>
			<string>PBXBuildFile</string>
		</dict>
	</dict>
	<key>rootObject</key>
	<string>C3F16DB2193CD007009AF8D0</string>
</dict>
</plist>
